
Microsoft Visual Studio Solution File, Format Version 12.00
# Visual Studio Version 17
VisualStudioVersion = 17.3.32929.385
MinimumVisualStudioVersion = 10.0.40219.1
Project("{FAE04EC0-301F-11D3-BF4B-00C04F79EFBC}") = "ParkCinema", "ParkCinema\ParkCinema.csproj", "{7DDB6FAD-7D1D-4A36-8663-453936D1A87F}"
EndProject
Global
	GlobalSection(SolutionConfigurationPlatforms) = preSolution
		Debug|Any CPU = Debug|Any CPU
		Release|Any CPU = Release|Any CPU
	EndGlobalSection
	GlobalSection(ProjectConfigurationPlatforms) = postSolution
		{7DDB6FAD-7D1D-4A36-8663-453936D1A87F}.Debug|Any CPU.ActiveCfg = Debug|Any CPU
		{7DDB6FAD-7D1D-4A36-8663-453936D1A87F}.Debug|Any CPU.Build.0 = Debug|Any CPU
		{7DDB6FAD-7D1D-4A36-8663-453936D1A87F}.Release|Any CPU.ActiveCfg = Release|Any CPU
		{7DDB6FAD-7D1D-4A36-8663-453936D1A87F}.Release|Any CPU.Build.0 = Release|Any CPU
	EndGlobalSection
	GlobalSection(SolutionProperties) = preSolution
		HideSolutionNode = FALSE
	EndGlobalSection
	GlobalSection(ExtensibilityGlobals) = postSolution
		SolutionGuid = {E9E3ECC9-5E5F-4543-8A87-341F1FDC3F5A}
	EndGlobalSection
EndGlobal
